
Microsoft Visual Studio Solution File, Format Version 12.00
# Visual Studio Version 17
VisualStudioVersion = 17.11.35327.3
MinimumVisualStudioVersion = 10.0.40219.1
Project("{9A19103F-16F7-4668-BE54-9A1E7A4F7556}") = "AI.Facial.AgeAndGender", "AI.Facial.AgeAndGender\AI.Facial.AgeAndGender.csproj", "{3ED95A72-1B80-457A-8EB7-FFD6A9FF6A6F}"
EndProject
Project("{FAE04EC0-301F-11D3-BF4B-00C04F79EFBC}") = "Example.WindowsApp", "Example.WindowsApp\Example.WindowsApp.csproj", "{3C60356F-32D3-4ECE-B31A-2FDFC1AA10FF}"
EndProject
Project("{FAE04EC0-301F-11D3-BF4B-00C04F79EFBC}") = "Example.WebApps", "Example.WebApps\Example.WebApps.csproj", "{4EC5D961-A5E0-4CA4-982E-5ADDF7FF794B}"
EndProject
Global
	GlobalSection(SolutionConfigurationPlatforms) = preSolution
		Debug|Any CPU = Debug|Any CPU
		Debug|x64 = Debug|x64
		Release|Any CPU = Release|Any CPU
		Release|x64 = Release|x64
	EndGlobalSection
	GlobalSection(ProjectConfigurationPlatforms) = postSolution
		{3ED95A72-1B80-457A-8EB7-FFD6A9FF6A6F}.Debug|Any CPU.ActiveCfg = Debug|Any CPU
		{3ED95A72-1B80-457A-8EB7-FFD6A9FF6A6F}.Debug|Any CPU.Build.0 = Debug|Any CPU
		{3ED95A72-1B80-457A-8EB7-FFD6A9FF6A6F}.Debug|x64.ActiveCfg = Debug|Any CPU
		{3ED95A72-1B80-457A-8EB7-FFD6A9FF6A6F}.Debug|x64.Build.0 = Debug|Any CPU
		{3ED95A72-1B80-457A-8EB7-FFD6A9FF6A6F}.Release|Any CPU.ActiveCfg = Release|Any CPU
		{3ED95A72-1B80-457A-8EB7-FFD6A9FF6A6F}.Release|Any CPU.Build.0 = Release|Any CPU
		{3ED95A72-1B80-457A-8EB7-FFD6A9FF6A6F}.Release|x64.ActiveCfg = Release|Any CPU
		{3ED95A72-1B80-457A-8EB7-FFD6A9FF6A6F}.Release|x64.Build.0 = Release|Any CPU
		{3C60356F-32D3-4ECE-B31A-2FDFC1AA10FF}.Debug|Any CPU.ActiveCfg = Debug|Any CPU
		{3C60356F-32D3-4ECE-B31A-2FDFC1AA10FF}.Debug|Any CPU.Build.0 = Debug|Any CPU
		{3C60356F-32D3-4ECE-B31A-2FDFC1AA10FF}.Debug|x64.ActiveCfg = Debug|Any CPU
		{3C60356F-32D3-4ECE-B31A-2FDFC1AA10FF}.Debug|x64.Build.0 = Debug|Any CPU
		{3C60356F-32D3-4ECE-B31A-2FDFC1AA10FF}.Release|Any CPU.ActiveCfg = Release|Any CPU
		{3C60356F-32D3-4ECE-B31A-2FDFC1AA10FF}.Release|Any CPU.Build.0 = Release|Any CPU
		{3C60356F-32D3-4ECE-B31A-2FDFC1AA10FF}.Release|x64.ActiveCfg = Release|Any CPU
		{3C60356F-32D3-4ECE-B31A-2FDFC1AA10FF}.Release|x64.Build.0 = Release|Any CPU
		{4EC5D961-A5E0-4CA4-982E-5ADDF7FF794B}.Debug|Any CPU.ActiveCfg = Debug|Any CPU
		{4EC5D961-A5E0-4CA4-982E-5ADDF7FF794B}.Debug|Any CPU.Build.0 = Debug|Any CPU
		{4EC5D961-A5E0-4CA4-982E-5ADDF7FF794B}.Debug|x64.ActiveCfg = Debug|x64
		{4EC5D961-A5E0-4CA4-982E-5ADDF7FF794B}.Debug|x64.Build.0 = Debug|x64
		{4EC5D961-A5E0-4CA4-982E-5ADDF7FF794B}.Release|Any CPU.ActiveCfg = Release|Any CPU
		{4EC5D961-A5E0-4CA4-982E-5ADDF7FF794B}.Release|Any CPU.Build.0 = Release|Any CPU
		{4EC5D961-A5E0-4CA4-982E-5ADDF7FF794B}.Release|x64.ActiveCfg = Release|x64
		{4EC5D961-A5E0-4CA4-982E-5ADDF7FF794B}.Release|x64.Build.0 = Release|x64
	EndGlobalSection
	GlobalSection(SolutionProperties) = preSolution
		HideSolutionNode = FALSE
	EndGlobalSection
	GlobalSection(ExtensibilityGlobals) = postSolution
		SolutionGuid = {67E1BB9A-131C-4BF5-A32E-58A7B719DE51}
	EndGlobalSection
EndGlobal
